
Microsoft Visual Studio Solution File, Format Version 12.00
# Visual Studio Version 17
VisualStudioVersion = 17.9.34728.123
MinimumVisualStudioVersion = 10.0.40219.1
Project("{FAE04EC0-301F-11D3-BF4B-00C04F79EFBC}") = "appdientichthang", "appdientichthang.csproj", "{C99FD07C-BBF9-43B5-B87A-59C38AB7643C}"
EndProject
Global
	GlobalSection(SolutionConfigurationPlatforms) = preSolution
		Debug|Any CPU = Debug|Any CPU
		Release|Any CPU = Release|Any CPU
	EndGlobalSection
	GlobalSection(ProjectConfigurationPlatforms) = postSolution
		{C99FD07C-BBF9-43B5-B87A-59C38AB7643C}.Debug|Any CPU.ActiveCfg = Debug|Any CPU
		{C99FD07C-BBF9-43B5-B87A-59C38AB7643C}.Debug|Any CPU.Build.0 = Debug|Any CPU
		{C99FD07C-BBF9-43B5-B87A-59C38AB7643C}.Release|Any CPU.ActiveCfg = Release|Any CPU
		{C99FD07C-BBF9-43B5-B87A-59C38AB7643C}.Release|Any CPU.Build.0 = Release|Any CPU
	EndGlobalSection
	GlobalSection(SolutionProperties) = preSolution
		HideSolutionNode = FALSE
	EndGlobalSection
	GlobalSection(ExtensibilityGlobals) = postSolution
		SolutionGuid = {EB473F25-BBFC-4C54-8085-0212132C6B66}
	EndGlobalSection
EndGlobal
